# This file is autogenerated, do not edit; changes may be undone by the next 'dep ensure'.


[[projects]]
  name = "github.com/PuerkitoBio/goquery"
  packages = ["."]
  revision = "2d2796f41742ece03e8086188fa4db16a3a0b458"
  version = "v1.5.0"

[[projects]]
  name = "github.com/VividCortex/gohistogram"
  packages = ["."]
  revision = "51564d9861991fb0ad0f531c99ef602d0f9866e6"
  version = "v1.0.0"

[[projects]]
  name = "github.com/andybalholm/cascadia"
  packages = ["."]
  revision = "b69f6c92dfc187ebfe3914df716c2647a3af0ba0"
  version = "v1.1.0"

[[projects]]
  name = "github.com/beorn7/perks"
  packages = ["quantile"]
  revision = "37c8de3658fcb183f997c4e13e8337516ab753e6"
  version = "v1.0.1"

[[projects]]
  branch = "master"
  name = "github.com/chromedp/cdproto"
  packages = [".","accessibility","animation","applicationcache","audits","backgroundservice","browser","cachestorage","cast","cdp","css","database","debugger","deviceorientation","dom","domdebugger","domsnapshot","domstorage","emulation","fetch","headlessexperimental","heapprofiler","indexeddb","input","inspector","io","layertree","log","media","memory","network","overlay","page","performance","profiler","runtime","security","serviceworker","storage","systeminfo","target","tethering","tracing","webaudio","webauthn"]
  revision = "6626966fbae48c2a52d823d68365c3eea42e2951"

[[projects]]
  name = "github.com/chromedp/chromedp"
  packages = [".","device","kb"]
  revision = "d883c831d26722801555accfd4db6920934ff7a9"
  version = "v0.5.2"

[[projects]]
  branch = "master"
  name = "github.com/geziyor/geziyor"
  packages = [".","cache","cache/memorycache","client","export","internal","metrics","middleware"]
  revision = "cfb16fe1ee0e3d08452e6a9740e3738a8a81e277"

[[projects]]
  name = "github.com/go-kit/kit"
  packages = ["metrics","metrics/discard","metrics/expvar","metrics/generic","metrics/internal/lv","metrics/prometheus"]
  revision = "150a65a7ec6156b4b640c1fd55f26fd3d475d656"
  version = "v0.9.0"

[[projects]]
  branch = "master"
  name = "github.com/gobwas/httphead"
  packages = ["."]
  revision = "2c6c146eadee0b69f856f87e3e9f1d0cd6aad2f5"

[[projects]]
  name = "github.com/gobwas/pool"
  packages = [".","internal/pmath","pbufio","pbytes"]
  revision = "fa3125c39d7eca32e1387bb69b1b38dcb31b1e0b"
  version = "v0.2.0"

[[projects]]
  name = "github.com/gobwas/ws"
  packages = [".","wsutil"]
  revision = "05baaea2bbcfe8963301c62d9931c882d59595cd"
  version = "v1.0.2"

[[projects]]
  name = "github.com/golang/protobuf"
  packages = ["proto"]
  revision = "6c65a5562fc06764971b7c5d05c76c75e84bdbf7"
  version = "v1.3.2"

[[projects]]
  branch = "master"
  name = "github.com/knq/sysutil"
  packages = ["."]
  revision = "15668db23d08158adb81783bf9e1617e7ca99c10"

[[projects]]
  name = "github.com/mailru/easyjson"
  packages = [".","buffer","jlexer","jwriter"]
  revision = "1b2b06f5f209fea48ff5922d8bfb2b9ed5d8f00b"
  version = "v0.7.0"

[[projects]]
  name = "github.com/matttproud/golang_protobuf_extensions"
  packages = ["pbutil"]
  revision = "c12348ce28de40eed0136aa2b644d0ee0650e56c"
  version = "v1.0.1"

[[projects]]
  name = "github.com/pkg/errors"
  packages = ["."]
  revision = "ba968bfe8b2f7e042a574c888954fccecfa385b4"
  version = "v0.8.1"

[[projects]]
  name = "github.com/prometheus/client_golang"
  packages = ["prometheus","prometheus/internal","prometheus/promhttp"]
  revision = "170205fb58decfd011f1550d4cfb737230d7ae4f"
  version = "v1.1.0"

[[projects]]
  name = "github.com/prometheus/client_model"
  packages = ["go"]
  revision = "d1d2010b5beead3fa1c5f271a5cf626e40b3ad6e"
  version = "v0.1.0"

[[projects]]
  name = "github.com/prometheus/common"
  packages = ["expfmt","internal/bitbucket.org/ww/goautoneg","model"]
  revision = "287d3e634a1e550c9e463dd7e5a75a422c614505"
  version = "v0.7.0"

[[projects]]
  name = "github.com/prometheus/procfs"
  packages = [".","internal/fs","internal/util"]
  revision = "6d489fc7f1d9cd890a250f3ea3431b1744b9623f"
  version = "v0.0.8"

[[projects]]
  name = "github.com/temoto/robotstxt"
  packages = ["."]
  revision = "3f668f68d41cf91350a4148f4fcb6720f1472428"
  version = "v1.1.1"

[[projects]]
  branch = "master"
  name = "golang.org/x/net"
  packages = ["html","html/atom","html/charset"]
  revision = "c0dbc17a35534bf2e581d7a942408dc936316da4"

[[projects]]
  branch = "master"
  name = "golang.org/x/sys"
  packages = ["unix","windows"]
  revision = "c96a22e43c9c1088b5e506727c975511357d9f68"

[[projects]]
  name = "golang.org/x/text"
  packages = ["encoding","encoding/charmap","encoding/htmlindex","encoding/internal","encoding/internal/identifier","encoding/japanese","encoding/korean","encoding/simplifiedchinese","encoding/traditionalchinese","encoding/unicode","internal/gen","internal/language","internal/language/compact","internal/tag","internal/utf8internal","language","runes","transform","unicode/cldr"]
  revision = "342b2e1fbaa52c93f31447ad2c6abc048c63e475"
  version = "v0.3.2"

[solve-meta]
  analyzer-name = "dep"
  analyzer-version = 1
  inputs-digest = "a8de73e848d22171b5e669e50b3ea9a3371a6b25ed3eaef8a79c43e8d0f837ac"
  solver-name = "gps-cdcl"
  solver-version = 1
